// !$*UTF8*$!
{
	archiveVersion = 1;
	classes = {
	};
	objectVersion = 50;
	objects = {

/* Begin PBXBuildFile section */
		26A21BCE2452CE9F006E66FD /* AppDelegate.swift in Sources */ = {isa = PBXBuildFile; fileRef = 26A21BCD2452CE9F006E66FD /* AppDelegate.swift */; };
		26A21BD02452CE9F006E66FD /* SceneDelegate.swift in Sources */ = {isa = PBXBuildFile; fileRef = 26A21BCF2452CE9F006E66FD /* SceneDelegate.swift */; };
		26A21BD22452CE9F006E66FD /* ViewController.swift in Sources */ = {isa = PBXBuildFile; fileRef = 26A21BD12452CE9F006E66FD /* ViewController.swift */; };
		26A21BD52452CE9F006E66FD /* Main.storyboard in Resources */ = {isa = PBXBuildFile; fileRef = 26A21BD32452CE9F006E66FD /* Main.storyboard */; };
		26A21BD72452CEA1006E66FD /* Assets.xcassets in Resources */ = {isa = PBXBuildFile; fileRef = 26A21BD62452CEA1006E66FD /* Assets.xcassets */; };
		26A21BDA2452CEA1006E66FD /* LaunchScreen.storyboard in Resources */ = {isa = PBXBuildFile; fileRef = 26A21BD82452CEA1006E66FD /* LaunchScreen.storyboard */; };
		26A21BE52452CEA2006E66FD /* testTbTests.swift in Sources */ = {isa = PBXBuildFile; fileRef = 26A21BE42452CEA2006E66FD /* testTbTests.swift */; };
		26A21BF02452CEA2006E66FD /* testTbUITests.swift in Sources */ = {isa = PBXBuildFile; fileRef = 26A21BEF2452CEA2006E66FD /* testTbUITests.swift */; };
		26A21BFF2452CF95006E66FD /* Info.swift in Sources */ = {isa = PBXBuildFile; fileRef = 26A21BFE2452CF95006E66FD /* Info.swift */; };
		26A21C032452D16C006E66FD /* MineCell.xib in Resources */ = {isa = PBXBuildFile; fileRef = 26A21C012452D16C006E66FD /* MineCell.xib */; };
		26A21C042452D16C006E66FD /* MineCell.swift in Sources */ = {isa = PBXBuildFile; fileRef = 26A21C022452D16C006E66FD /* MineCell.swift */; };
/* End PBXBuildFile section */

/* Begin PBXContainerItemProxy section */
		26A21BE12452CEA2006E66FD /* PBXContainerItemProxy */ = {
			isa = PBXContainerItemProxy;
			containerPortal = 26A21BC22452CE9F006E66FD /* Project object */;
			proxyType = 1;
			remoteGlobalIDString = 26A21BC92452CE9F006E66FD;
			remoteInfo = testTb;
		};
		26A21BEC2452CEA2006E66FD /* PBXContainerItemProxy */ = {
			isa = PBXContainerItemProxy;
			containerPortal = 26A21BC22452CE9F006E66FD /* Project object */;
			proxyType = 1;
			remoteGlobalIDString = 26A21BC92452CE9F006E66FD;
			remoteInfo = testTb;
		};
/* End PBXContainerItemProxy section */

/* Begin PBXFileReference section */
		26A21BCA2452CE9F006E66FD /* testTb.app */ = {isa = PBXFileReference; explicitFileType = wrapper.application; includeInIndex = 0; path = testTb.app; sourceTree = BUILT_PRODUCTS_DIR; };
		26A21BCD2452CE9F006E66FD /* AppDelegate.swift */ = {isa = PBXFileReference; lastKnownFileType = sourcecode.swift; path = AppDelegate.swift; sourceTree = "<group>"; };
		26A21BCF2452CE9F006E66FD /* SceneDelegate.swift */ = {isa = PBXFileReference; lastKnownFileType = sourcecode.swift; path = SceneDelegate.swift; sourceTree = "<group>"; };
		26A21BD12452CE9F006E66FD /* ViewController.swift */ = {isa = PBXFileReference; lastKnownFileType = sourcecode.swift; path = ViewController.swift; sourceTree = "<group>"; };
		26A21BD42452CE9F006E66FD /* Base */ = {isa = PBXFileReference; lastKnownFileType = file.storyboard; name = Base; path = Base.lproj/Main.storyboard; sourceTree = "<group>"; };
		26A21BD62452CEA1006E66FD /* Assets.xcassets */ = {isa = PBXFileReference; lastKnownFileType = folder.assetcatalog; path = Assets.xcassets; sourceTree = "<group>"; };
		26A21BD92452CEA1006E66FD /* Base */ = {isa = PBXFileReference; lastKnownFileType = file.storyboard; name = Base; path = Base.lproj/LaunchScreen.storyboard; sourceTree = "<group>"; };
		26A21BDB2452CEA1006E66FD /* Info.plist */ = {isa = PBXFileReference; lastKnownFileType = text.plist.xml; path = Info.plist; sourceTree = "<group>"; };
		26A21BE02452CEA2006E66FD /* testTbTests.xctest */ = {isa = PBXFileReference; explicitFileType = wrapper.cfbundle; includeInIndex = 0; path = testTbTests.xctest; sourceTree = BUILT_PRODUCTS_DIR; };
		26A21BE42452CEA2006E66FD /* testTbTests.swift */ = {isa = PBXFileReference; lastKnownFileType = sourcecode.swift; path = testTbTests.swift; sourceTree = "<group>"; };
		26A21BE62452CEA2006E66FD /* Info.plist */ = {isa = PBXFileReference; lastKnownFileType = text.plist.xml; path = Info.plist; sourceTree = "<group>"; };
		26A21BEB2452CEA2006E66FD /* testTbUITests.xctest */ = {isa = PBXFileReference; explicitFileType = wrapper.cfbundle; includeInIndex = 0; path = testTbUITests.xctest; sourceTree = BUILT_PRODUCTS_DIR; };
		26A21BEF2452CEA2006E66FD /* testTbUITests.swift */ = {isa = PBXFileReference; lastKnownFileType = sourcecode.swift; path = testTbUITests.swift; sourceTree = "<group>"; };
		26A21BF12452CEA2006E66FD /* Info.plist */ = {isa = PBXFileReference; lastKnownFileType = text.plist.xml; path = Info.plist; sourceTree = "<group>"; };
		26A21BFE2452CF95006E66FD /* Info.swift */ = {isa = PBXFileReference; lastKnownFileType = sourcecode.swift; path = Info.swift; sourceTree = "<group>"; };
		26A21C012452D16C006E66FD /* MineCell.xib */ = {isa = PBXFileReference; fileEncoding = 4; lastKnownFileType = file.xib; path = MineCell.xib; sourceTree = "<group>"; };
		26A21C022452D16C006E66FD /* MineCell.swift */ = {isa = PBXFileReference; fileEncoding = 4; lastKnownFileType = sourcecode.swift; path = MineCell.swift; sourceTree = "<group>"; };
/* End PBXFileReference section */

/* Begin PBXFrameworksBuildPhase section */
		26A21BC72452CE9F006E66FD /* Frameworks */ = {
			isa = PBXFrameworksBuildPhase;
			buildActionMask = 2147483647;
			files = (
			);
			runOnlyForDeploymentPostprocessing = 0;
		};
		26A21BDD2452CEA2006E66FD /* Frameworks */ = {
			isa = PBXFrameworksBuildPhase;
			buildActionMask = 2147483647;
			files = (
			);
			runOnlyForDeploymentPostprocessing = 0;
		};
		26A21BE82452CEA2006E66FD /* Frameworks */ = {
			isa = PBXFrameworksBuildPhase;
			buildActionMask = 2147483647;
			files = (
			);
			runOnlyForDeploymentPostprocessing = 0;
		};
/* End PBXFrameworksBuildPhase section */

/* Begin PBXGroup section */
		26A21BC12452CE9F006E66FD = {
			isa = PBXGroup;
			children = (
				26A21BCC2452CE9F006E66FD /* testTb */,
				26A21BE32452CEA2006E66FD /* testTbTests */,
				26A21BEE2452CEA2006E66FD /* testTbUITests */,
				26A21BCB2452CE9F006E66FD /* Products */,
			);
			sourceTree = "<group>";
		};
		26A21BCB2452CE9F006E66FD /* Products */ = {
			isa = PBXGroup;
			children = (
				26A21BCA2452CE9F006E66FD /* testTb.app */,
				26A21BE02452CEA2006E66FD /* testTbTests.xctest */,
				26A21BEB2452CEA2006E66FD /* testTbUITests.xctest */,
			);
			name = Products;
			sourceTree = "<group>";
		};
		26A21BCC2452CE9F006E66FD /* testTb */ = {
			isa = PBXGroup;
			children = (
				26A21C002452D15D006E66FD /* View */,
				26A21BFD2452CF7E006E66FD /* Model */,
				26A21BCD2452CE9F006E66FD /* AppDelegate.swift */,
				26A21BCF2452CE9F006E66FD /* SceneDelegate.swift */,
				26A21BD12452CE9F006E66FD /* ViewController.swift */,
				26A21BD32452CE9F006E66FD /* Main.storyboard */,
				26A21BD62452CEA1006E66FD /* Assets.xcassets */,
				26A21BD82452CEA1006E66FD /* LaunchScreen.storyboard */,
				26A21BDB2452CEA1006E66FD /* Info.plist */,
			);
			path = testTb;
			sourceTree = "<group>";
		};
		26A21BE32452CEA2006E66FD /* testTbTests */ = {
			isa = PBXGroup;
			children = (
				26A21BE42452CEA2006E66FD /* testTbTests.swift */,
				26A21BE62452CEA2006E66FD /* Info.plist */,
			);
			path = testTbTests;
			sourceTree = "<group>";
		};
		26A21BEE2452CEA2006E66FD /* testTbUITests */ = {
			isa = PBXGroup;
			children = (
				26A21BEF2452CEA2006E66FD /* testTbUITests.swift */,
				26A21BF12452CEA2006E66FD /* Info.plist */,
			);
			path = testTbUITests;
			sourceTree = "<group>";
		};
		26A21BFD2452CF7E006E66FD /* Model */ = {
			isa = PBXGroup;
			children = (
				26A21BFE2452CF95006E66FD /* Info.swift */,
			);
			path = Model;
			sourceTree = "<group>";
		};
		26A21C002452D15D006E66FD /* View */ = {
			isa = PBXGroup;
			children = (
				26A21C022452D16C006E66FD /* MineCell.swift */,
				26A21C012452D16C006E66FD /* MineCell.xib */,
			);
			path = View;
			sourceTree = "<group>";
		};
/* End PBXGroup section */

/* Begin PBXNativeTarget section */
		26A21BC92452CE9F006E66FD /* testTb */ = {
			isa = PBXNativeTarget;
			buildConfigurationList = 26A21BF42452CEA2006E66FD /* Build configuration list for PBXNativeTarget "testTb" */;
			buildPhases = (
				26A21BC62452CE9F006E66FD /* Sources */,
				26A21BC72452CE9F006E66FD /* Frameworks */,
				26A21BC82452CE9F006E66FD /* Resources */,
			);
			buildRules = (
			);
			dependencies = (
			);
			name = testTb;
			productName = testTb;
			productReference = 26A21BCA2452CE9F006E66FD /* testTb.app */;
			productType = "com.apple.product-type.application";
		};
		26A21BDF2452CEA2006E66FD /* testTbTests */ = {
			isa = PBXNativeTarget;
			buildConfigurationList = 26A21BF72452CEA2006E66FD /* Build configuration list for PBXNativeTarget "testTbTests" */;
			buildPhases = (
				26A21BDC2452CEA2006E66FD /* Sources */,
				26A21BDD2452CEA2006E66FD /* Frameworks */,
				26A21BDE2452CEA2006E66FD /* Resources */,
			);
			buildRules = (
			);
			dependencies = (
				26A21BE22452CEA2006E66FD /* PBXTargetDependency */,
			);
			name = testTbTests;
			productName = testTbTests;
			productReference = 26A21BE02452CEA2006E66FD /* testTbTests.xctest */;
			productType = "com.apple.product-type.bundle.unit-test";
		};
		26A21BEA2452CEA2006E66FD /* testTbUITests */ = {
			isa = PBXNativeTarget;
			buildConfigurationList = 26A21BFA2452CEA2006E66FD /* Build configuration list for PBXNativeTarget "testTbUITests" */;
			buildPhases = (
				26A21BE72452CEA2006E66FD /* Sources */,
				26A21BE82452CEA2006E66FD /* Frameworks */,
				26A21BE92452CEA2006E66FD /* Resources */,
			);
			buildRules = (
			);
			dependencies = (
				26A21BED2452CEA2006E66FD /* PBXTargetDependency */,
			);
			name = testTbUITests;
			productName = testTbUITests;
			productReference = 26A21BEB2452CEA2006E66FD /* testTbUITests.xctest */;
			productType = "com.apple.product-type.bundle.ui-testing";
		};
/* End PBXNativeTarget section */

/* Begin PBXProject section */
		26A21BC22452CE9F006E66FD /* Project object */ = {
			isa = PBXProject;
			attributes = {
				LastSwiftUpdateCheck = 1140;
				LastUpgradeCheck = 1140;
				ORGANIZATIONNAME = "Jz D";
				TargetAttributes = {
					26A21BC92452CE9F006E66FD = {
						CreatedOnToolsVersion = 11.4;
					};
					26A21BDF2452CEA2006E66FD = {
						CreatedOnToolsVersion = 11.4;
						TestTargetID = 26A21BC92452CE9F006E66FD;
					};
					26A21BEA2452CEA2006E66FD = {
						CreatedOnToolsVersion = 11.4;
						TestTargetID = 26A21BC92452CE9F006E66FD;
					};
				};
			};
			buildConfigurationList = 26A21BC52452CE9F006E66FD /* Build configuration list for PBXProject "testTb" */;
			compatibilityVersion = "Xcode 9.3";
			developmentRegion = en;
			hasScannedForEncodings = 0;
			knownRegions = (
				en,
				Base,
			);
			mainGroup = 26A21BC12452CE9F006E66FD;
			productRefGroup = 26A21BCB2452CE9F006E66FD /* Products */;
			projectDirPath = "";
			projectRoot = "";
			targets = (
				26A21BC92452CE9F006E66FD /* testTb */,
				26A21BDF2452CEA2006E66FD /* testTbTests */,
				26A21BEA2452CEA2006E66FD /* testTbUITests */,
			);
		};
/* End PBXProject section */

/* Begin PBXResourcesBuildPhase section */
		26A21BC82452CE9F006E66FD /* Resources */ = {
			isa = PBXResourcesBuildPhase;
			buildActionMask = 2147483647;
			files = (
				26A21BDA2452CEA1006E66FD /* LaunchScreen.storyboard in Resources */,
				26A21BD72452CEA1006E66FD /* Assets.xcassets in Resources */,
				26A21C032452D16C006E66FD /* MineCell.xib in Resources */,
				26A21BD52452CE9F006E66FD /* Main.storyboard in Resources */,
			);
			runOnlyForDeploymentPostprocessing = 0;
		};
		26A21BDE2452CEA2006E66FD /* Resources */ = {
			isa = PBXResourcesBuildPhase;
			buildActionMask = 2147483647;
			files = (
			);
			runOnlyForDeploymentPostprocessing = 0;
		};
		26A21BE92452CEA2006E66FD /* Resources */ = {
			isa = PBXResourcesBuildPhase;
			buildActionMask = 2147483647;
			files = (
			);
			runOnlyForDeploymentPostprocessing = 0;
		};
/* End PBXResourcesBuildPhase section */

/* Begin PBXSourcesBuildPhase section */
		26A21BC62452CE9F006E66FD /* Sources */ = {
			isa = PBXSourcesBuildPhase;
			buildActionMask = 2147483647;
			files = (
				26A21BD22452CE9F006E66FD /* ViewController.swift in Sources */,
				26A21BFF2452CF95006E66FD /* Info.swift in Sources */,
				26A21BCE2452CE9F006E66FD /* AppDelegate.swift in Sources */,
				26A21C042452D16C006E66FD /* MineCell.swift in Sources */,
				26A21BD02452CE9F006E66FD /* SceneDelegate.swift in Sources */,
			);
			runOnlyForDeploymentPostprocessing = 0;
		};
		26A21BDC2452CEA2006E66FD /* Sources */ = {
			isa = PBXSourcesBuildPhase;
			buildActionMask = 2147483647;
			files = (
				26A21BE52452CEA2006E66FD /* testTbTests.swift in Sources */,
			);
			runOnlyForDeploymentPostprocessing = 0;
		};
		26A21BE72452CEA2006E66FD /* Sources */ = {
			isa = PBXSourcesBuildPhase;
			buildActionMask = 2147483647;
			files = (
				26A21BF02452CEA2006E66FD /* testTbUITests.swift in Sources */,
			);
			runOnlyForDeploymentPostprocessing = 0;
		};
/* End PBXSourcesBuildPhase section */

/* Begin PBXTargetDependency section */
		26A21BE22452CEA2006E66FD /* PBXTargetDependency */ = {
			isa = PBXTargetDependency;
			target = 26A21BC92452CE9F006E66FD /* testTb */;
			targetProxy = 26A21BE12452CEA2006E66FD /* PBXContainerItemProxy */;
		};
		26A21BED2452CEA2006E66FD /* PBXTargetDependency */ = {
			isa = PBXTargetDependency;
			target = 26A21BC92452CE9F006E66FD /* testTb */;
			targetProxy = 26A21BEC2452CEA2006E66FD /* PBXContainerItemProxy */;
		};
/* End PBXTargetDependency section */

/* Begin PBXVariantGroup section */
		26A21BD32452CE9F006E66FD /* Main.storyboard */ = {
			isa = PBXVariantGroup;
			children = (
				26A21BD42452CE9F006E66FD /* Base */,
			);
			name = Main.storyboard;
			sourceTree = "<group>";
		};
		26A21BD82452CEA1006E66FD /* LaunchScreen.storyboard */ = {
			isa = PBXVariantGroup;
			children = (
				26A21BD92452CEA1006E66FD /* Base */,
			);
			name = LaunchScreen.storyboard;
			sourceTree = "<group>";
		};
/* End PBXVariantGroup section */

/* Begin XCBuildConfiguration section */
		26A21BF22452CEA2006E66FD /* Debug */ = {
			isa = XCBuildConfiguration;
			buildSettings = {
				ALWAYS_SEARCH_USER_PATHS = NO;
				CLANG_ANALYZER_NONNULL = YES;
				CLANG_ANALYZER_NUMBER_OBJECT_CONVERSION = YES_AGGRESSIVE;
				CLANG_CXX_LANGUAGE_STANDARD = "gnu++14";
				CLANG_CXX_LIBRARY = "libc++";
				CLANG_ENABLE_MODULES = YES;
				CLANG_ENABLE_OBJC_ARC = YES;
				CLANG_ENABLE_OBJC_WEAK = YES;
				CLANG_WARN_BLOCK_CAPTURE_AUTORELEASING = YES;
				CLANG_WARN_BOOL_CONVERSION = YES;
				CLANG_WARN_COMMA = YES;
				CLANG_WARN_CONSTANT_CONVERSION = YES;
				CLANG_WARN_DEPRECATED_OBJC_IMPLEMENTATIONS = YES;
				CLANG_WARN_DIRECT_OBJC_ISA_USAGE = YES_ERROR;
				CLANG_WARN_DOCUMENTATION_COMMENTS = YES;
				CLANG_WARN_EMPTY_BODY = YES;
				CLANG_WARN_ENUM_CONVERSION = YES;
				CLANG_WARN_INFINITE_RECURSION = YES;
				CLANG_WARN_INT_CONVERSION = YES;
				CLANG_WARN_NON_LITERAL_NULL_CONVERSION = YES;
				CLANG_WARN_OBJC_IMPLICIT_RETAIN_SELF = YES;
				CLANG_WARN_OBJC_LITERAL_CONVERSION = YES;
				CLANG_WARN_OBJC_ROOT_CLASS = YES_ERROR;
				CLANG_WARN_RANGE_LOOP_ANALYSIS = YES;
				CLANG_WARN_STRICT_PROTOTYPES = YES;
				CLANG_WARN_SUSPICIOUS_MOVE = YES;
				CLANG_WARN_UNGUARDED_AVAILABILITY = YES_AGGRESSIVE;
				CLANG_WARN_UNREACHABLE_CODE = YES;
				CLANG_WARN__DUPLICATE_METHOD_MATCH = YES;
				COPY_PHASE_STRIP = NO;
				DEBUG_INFORMATION_FORMAT = dwarf;
				ENABLE_STRICT_OBJC_MSGSEND = YES;
				ENABLE_TESTABILITY = YES;
				GCC_C_LANGUAGE_STANDARD = gnu11;
				GCC_DYNAMIC_NO_PIC = NO;
				GCC_NO_COMMON_BLOCKS = YES;
				GCC_OPTIMIZATION_LEVEL = 0;
				GCC_PREPROCESSOR_DEFINITIONS = (
					"DEBUG=1",
					"$(inherited)",
				);
				GCC_WARN_64_TO_32_BIT_CONVERSION = YES;
				GCC_WARN_ABOUT_RETURN_TYPE = YES_ERROR;
				GCC_WARN_UNDECLARED_SELECTOR = YES;
				GCC_WARN_UNINITIALIZED_AUTOS = YES_AGGRESSIVE;
				GCC_WARN_UNUSED_FUNCTION = YES;
				GCC_WARN_UNUSED_VARIABLE = YES;
				IPHONEOS_DEPLOYMENT_TARGET = 13.4;
				MTL_ENABLE_DEBUG_INFO = INCLUDE_SOURCE;
				MTL_FAST_MATH = YES;
				ONLY_ACTIVE_ARCH = YES;
				SDKROOT = iphoneos;
				SWIFT_ACTIVE_COMPILATION_CONDITIONS = DEBUG;
				SWIFT_OPTIMIZATION_LEVEL = "-Onone";
			};
			name = Debug;
		};
		26A21BF32452CEA2006E66FD /* Release */ = {
			isa = XCBuildConfiguration;
			buildSettings = {
				ALWAYS_SEARCH_USER_PATHS = NO;
				CLANG_ANALYZER_NONNULL = YES;
				CLANG_ANALYZER_NUMBER_OBJECT_CONVERSION = YES_AGGRESSIVE;
				CLANG_CXX_LANGUAGE_STANDARD = "gnu++14";
				CLANG_CXX_LIBRARY = "libc++";
				CLANG_ENABLE_MODULES = YES;
				CLANG_ENABLE_OBJC_ARC = YES;
				CLANG_ENABLE_OBJC_WEAK = YES;
				CLANG_WARN_BLOCK_CAPTURE_AUTORELEASING = YES;
				CLANG_WARN_BOOL_CONVERSION = YES;
				CLANG_WARN_COMMA = YES;
				CLANG_WARN_CONSTANT_CONVERSION = YES;
				CLANG_WARN_DEPRECATED_OBJC_IMPLEMENTATIONS = YES;
				CLANG_WARN_DIRECT_OBJC_ISA_USAGE = YES_ERROR;
				CLANG_WARN_DOCUMENTATION_COMMENTS = YES;
				CLANG_WARN_EMPTY_BODY = YES;
				CLANG_WARN_ENUM_CONVERSION = YES;
				CLANG_WARN_INFINITE_RECURSION = YES;
				CLANG_WARN_INT_CONVERSION = YES;
				CLANG_WARN_NON_LITERAL_NULL_CONVERSION = YES;
				CLANG_WARN_OBJC_IMPLICIT_RETAIN_SELF = YES;
				CLANG_WARN_OBJC_LITERAL_CONVERSION = YES;
				CLANG_WARN_OBJC_ROOT_CLASS = YES_ERROR;
				CLANG_WARN_RANGE_LOOP_ANALYSIS = YES;
				CLANG_WARN_STRICT_PROTOTYPES = YES;
				CLANG_WARN_SUSPICIOUS_MOVE = YES;
				CLANG_WARN_UNGUARDED_AVAILABILITY = YES_AGGRESSIVE;
				CLANG_WARN_UNREACHABLE_CODE = YES;
				CLANG_WARN__DUPLICATE_METHOD_MATCH = YES;
				COPY_PHASE_STRIP = NO;
				DEBUG_INFORMATION_FORMAT = "dwarf-with-dsym";
				ENABLE_NS_ASSERTIONS = NO;
				ENABLE_STRICT_OBJC_MSGSEND = YES;
				GCC_C_LANGUAGE_STANDARD = gnu11;
				GCC_NO_COMMON_BLOCKS = YES;
				GCC_WARN_64_TO_32_BIT_CONVERSION = YES;
				GCC_WARN_ABOUT_RETURN_TYPE = YES_ERROR;
				GCC_WARN_UNDECLARED_SELECTOR = YES;
				GCC_WARN_UNINITIALIZED_AUTOS = YES_AGGRESSIVE;
				GCC_WARN_UNUSED_FUNCTION = YES;
				GCC_WARN_UNUSED_VARIABLE = YES;
				IPHONEOS_DEPLOYMENT_TARGET = 13.4;
				MTL_ENABLE_DEBUG_INFO = NO;
				MTL_FAST_MATH = YES;
				SDKROOT = iphoneos;
				SWIFT_COMPILATION_MODE = wholemodule;
				SWIFT_OPTIMIZATION_LEVEL = "-O";
				VALIDATE_PRODUCT = YES;
			};
			name = Release;
		};
		26A21BF52452CEA2006E66FD /* Debug */ = {
			isa = XCBuildConfiguration;
			buildSettings = {
				ASSETCATALOG_COMPILER_APPICON_NAME = AppIcon;
				CODE_SIGN_STYLE = Automatic;
				DEVELOPMENT_TEAM = D878P8TW6L;
				INFOPLIST_FILE = testTb/Info.plist;
				IPHONEOS_DEPLOYMENT_TARGET = 13.0;
				LD_RUNPATH_SEARCH_PATHS = (
					"$(inherited)",
					"@executable_path/Frameworks",
				);
				PRODUCT_BUNDLE_IDENTIFIER = com.photod.mnc.testTb;
				PRODUCT_NAME = "$(TARGET_NAME)";
				SWIFT_VERSION = 5.0;
				TARGETED_DEVICE_FAMILY = "1,2";
			};
			name = Debug;
		};
		26A21BF62452CEA2006E66FD /* Release */ = {
			isa = XCBuildConfiguration;
			buildSettings = {
				ASSETCATALOG_COMPILER_APPICON_NAME = AppIcon;
				CODE_SIGN_STYLE = Automatic;
				DEVELOPMENT_TEAM = D878P8TW6L;
				INFOPLIST_FILE = testTb/Info.plist;
				IPHONEOS_DEPLOYMENT_TARGET = 13.0;
				LD_RUNPATH_SEARCH_PATHS = (
					"$(inherited)",
					"@executable_path/Frameworks",
				);
				PRODUCT_BUNDLE_IDENTIFIER = com.photod.mnc.testTb;
				PRODUCT_NAME = "$(TARGET_NAME)";
				SWIFT_VERSION = 5.0;
				TARGETED_DEVICE_FAMILY = "1,2";
			};
			name = Release;
		};
		26A21BF82452CEA2006E66FD /* Debug */ = {
			isa = XCBuildConfiguration;
			buildSettings = {
				ALWAYS_EMBED_SWIFT_STANDARD_LIBRARIES = YES;
				BUNDLE_LOADER = "$(TEST_HOST)";
				CODE_SIGN_STYLE = Automatic;
				DEVELOPMENT_TEAM = D878P8TW6L;
				INFOPLIST_FILE = testTbTests/Info.plist;
				IPHONEOS_DEPLOYMENT_TARGET = 13.4;
				LD_RUNPATH_SEARCH_PATHS = (
					"$(inherited)",
					"@executable_path/Frameworks",
					"@loader_path/Frameworks",
				);
				PRODUCT_BUNDLE_IDENTIFIER = com.photod.mnc.testTbTests;
				PRODUCT_NAME = "$(TARGET_NAME)";
				SWIFT_VERSION = 5.0;
				TARGETED_DEVICE_FAMILY = "1,2";
				TEST_HOST = "$(BUILT_PRODUCTS_DIR)/testTb.app/testTb";
			};
			name = Debug;
		};
		26A21BF92452CEA2006E66FD /* Release */ = {
			isa = XCBuildConfiguration;
			buildSettings = {
				ALWAYS_EMBED_SWIFT_STANDARD_LIBRARIES = YES;
				BUNDLE_LOADER = "$(TEST_HOST)";
				CODE_SIGN_STYLE = Automatic;
				DEVELOPMENT_TEAM = D878P8TW6L;
				INFOPLIST_FILE = testTbTests/Info.plist;
				IPHONEOS_DEPLOYMENT_TARGET = 13.4;
				LD_RUNPATH_SEARCH_PATHS = (
					"$(inherited)",
					"@executable_path/Frameworks",
					"@loader_path/Frameworks",
				);
				PRODUCT_BUNDLE_IDENTIFIER = com.photod.mnc.testTbTests;
				PRODUCT_NAME = "$(TARGET_NAME)";
				SWIFT_VERSION = 5.0;
				TARGETED_DEVICE_FAMILY = "1,2";
				TEST_HOST = "$(BUILT_PRODUCTS_DIR)/testTb.app/testTb";
			};
			name = Release;
		};
		26A21BFB2452CEA2006E66FD /* Debug */ = {
			isa = XCBuildConfiguration;
			buildSettings = {
				ALWAYS_EMBED_SWIFT_STANDARD_LIBRARIES = YES;
				CODE_SIGN_STYLE = Automatic;
				DEVELOPMENT_TEAM = D878P8TW6L;
				INFOPLIST_FILE = testTbUITests/Info.plist;
				LD_RUNPATH_SEARCH_PATHS = (
					"$(inherited)",
					"@executable_path/Frameworks",
					"@loader_path/Frameworks",
				);
				PRODUCT_BUNDLE_IDENTIFIER = com.photod.mnc.testTbUITests;
				PRODUCT_NAME = "$(TARGET_NAME)";
				SWIFT_VERSION = 5.0;
				TARGETED_DEVICE_FAMILY = "1,2";
				TEST_TARGET_NAME = testTb;
			};
			name = Debug;
		};
		26A21BFC2452CEA2006E66FD /* Release */ = {
			isa = XCBuildConfiguration;
			buildSettings = {
				ALWAYS_EMBED_SWIFT_STANDARD_LIBRARIES = YES;
				CODE_SIGN_STYLE = Automatic;
				DEVELOPMENT_TEAM = D878P8TW6L;
				INFOPLIST_FILE = testTbUITests/Info.plist;
				LD_RUNPATH_SEARCH_PATHS = (
					"$(inherited)",
					"@executable_path/Frameworks",
					"@loader_path/Frameworks",
				);
				PRODUCT_BUNDLE_IDENTIFIER = com.photod.mnc.testTbUITests;
				PRODUCT_NAME = "$(TARGET_NAME)";
				SWIFT_VERSION = 5.0;
				TARGETED_DEVICE_FAMILY = "1,2";
				TEST_TARGET_NAME = testTb;
			};
			name = Release;
		};
/* End XCBuildConfiguration section */

/* Begin XCConfigurationList section */
		26A21BC52452CE9F006E66FD /* Build configuration list for PBXProject "testTb" */ = {
			isa = XCConfigurationList;
			buildConfigurations = (
				26A21BF22452CEA2006E66FD /* Debug */,
				26A21BF32452CEA2006E66FD /* Release */,
			);
			defaultConfigurationIsVisible = 0;
			defaultConfigurationName = Release;
		};
		26A21BF42452CEA2006E66FD /* Build configuration list for PBXNativeTarget "testTb" */ = {
			isa = XCConfigurationList;
			buildConfigurations = (
				26A21BF52452CEA2006E66FD /* Debug */,
				26A21BF62452CEA2006E66FD /* Release */,
			);
			defaultConfigurationIsVisible = 0;
			defaultConfigurationName = Release;
		};
		26A21BF72452CEA2006E66FD /* Build configuration list for PBXNativeTarget "testTbTests" */ = {
			isa = XCConfigurationList;
			buildConfigurations = (
				26A21BF82452CEA2006E66FD /* Debug */,
				26A21BF92452CEA2006E66FD /* Release */,
			);
			defaultConfigurationIsVisible = 0;
			defaultConfigurationName = Release;
		};
		26A21BFA2452CEA2006E66FD /* Build configuration list for PBXNativeTarget "testTbUITests" */ = {
			isa = XCConfigurationList;
			buildConfigurations = (
				26A21BFB2452CEA2006E66FD /* Debug */,
				26A21BFC2452CEA2006E66FD /* Release */,
			);
			defaultConfigurationIsVisible = 0;
			defaultConfigurationName = Release;
		};
/* End XCConfigurationList section */
	};
	rootObject = 26A21BC22452CE9F006E66FD /* Project object */;
}
